{
    "name": "mypackage",
    "version": "1.0.0",
    "lockfileVersion": 1,
    "requires": true,
    "dependencies": {
        "whitedevil": {
            "version": "1.0.1",
            "resolved": "https://registry.npmjs.org/whitedevil/-/whitedevil-1.0.1.tgz",
            "integrity": "sha512-eJvjRAu0bzCGCju+JPh4mT6WKU6Exz21y7cIQDrFHaBxzcM6JbdtHOkxjlNsR5ZeBg41uV1qoFPtB00YjkpI8Q=="
        }
    }
}
